
Microsoft Visual Studio Solution File, Format Version 12.00
# Visual Studio 15
VisualStudioVersion = 15.0.28307.421
MinimumVisualStudioVersion = 10.0.40219.1
Project("{8BC9CEB8-8B4A-11D0-8D11-00A0C91BC942}") = "tinyxml2", "tinyxml2.vcxproj", "{D1C528B6-AA02-4D29-9D61-DC08E317A70D}"
EndProject
Project("{8BC9CEB8-8B4A-11D0-8D11-00A0C91BC942}") = "test", "test.vcxproj", "{E8FB2712-8666-4662-A5B8-2B5B0FB1A260}"
EndProject
Global
	GlobalSection(SolutionConfigurationPlatforms) = preSolution
		Debug-Dll|x64 = Debug-Dll|x64
		Debug-Lib|x64 = Debug-Lib|x64
		Release-Dll|x64 = Release-Dll|x64
		Release-Lib|x64 = Release-Lib|x64
	EndGlobalSection
	GlobalSection(ProjectConfigurationPlatforms) = postSolution
		{D1C528B6-AA02-4D29-9D61-DC08E317A70D}.Debug-Dll|x64.ActiveCfg = Debug-Dll|x64
		{D1C528B6-AA02-4D29-9D61-DC08E317A70D}.Debug-Dll|x64.Build.0 = Debug-Dll|x64
		{D1C528B6-AA02-4D29-9D61-DC08E317A70D}.Debug-Lib|x64.ActiveCfg = Debug-Lib|x64
		{D1C528B6-AA02-4D29-9D61-DC08E317A70D}.Debug-Lib|x64.Build.0 = Debug-Lib|x64
		{D1C528B6-AA02-4D29-9D61-DC08E317A70D}.Release-Dll|x64.ActiveCfg = Release-Dll|x64
		{D1C528B6-AA02-4D29-9D61-DC08E317A70D}.Release-Dll|x64.Build.0 = Release-Dll|x64
		{D1C528B6-AA02-4D29-9D61-DC08E317A70D}.Release-Lib|x64.ActiveCfg = Release-Lib|x64
		{D1C528B6-AA02-4D29-9D61-DC08E317A70D}.Release-Lib|x64.Build.0 = Release-Lib|x64
		{E8FB2712-8666-4662-A5B8-2B5B0FB1A260}.Debug-Dll|x64.ActiveCfg = Debug-Dll|x64
		{E8FB2712-8666-4662-A5B8-2B5B0FB1A260}.Debug-Dll|x64.Build.0 = Debug-Dll|x64
		{E8FB2712-8666-4662-A5B8-2B5B0FB1A260}.Debug-Lib|x64.ActiveCfg = Debug-Lib|x64
		{E8FB2712-8666-4662-A5B8-2B5B0FB1A260}.Debug-Lib|x64.Build.0 = Debug-Lib|x64
		{E8FB2712-8666-4662-A5B8-2B5B0FB1A260}.Release-Dll|x64.ActiveCfg = Release-Dll|x64
		{E8FB2712-8666-4662-A5B8-2B5B0FB1A260}.Release-Dll|x64.Build.0 = Release-Dll|x64
		{E8FB2712-8666-4662-A5B8-2B5B0FB1A260}.Release-Lib|x64.ActiveCfg = Release-Lib|x64
		{E8FB2712-8666-4662-A5B8-2B5B0FB1A260}.Release-Lib|x64.Build.0 = Release-Lib|x64
	EndGlobalSection
	GlobalSection(SolutionProperties) = preSolution
		HideSolutionNode = FALSE
	EndGlobalSection
	GlobalSection(ExtensibilityGlobals) = postSolution
		SolutionGuid = {DF1EA7CC-5B27-4BE7-8A80-D6216E9BFF73}
	EndGlobalSection
EndGlobal
